
Microsoft Visual Studio Solution File, Format Version 12.00
# Visual Studio Version 17
VisualStudioVersion = 17.3.32811.315
MinimumVisualStudioVersion = 10.0.40219.1
Project("{FAE04EC0-301F-11D3-BF4B-00C04F79EFBC}") = "etickets", "etickets\etickets.csproj", "{1A99D3C0-D3E8-4250-AEBF-11D426D037ED}"
EndProject
Global
	GlobalSection(SolutionConfigurationPlatforms) = preSolution
		Debug|Any CPU = Debug|Any CPU
		Release|Any CPU = Release|Any CPU
	EndGlobalSection
	GlobalSection(ProjectConfigurationPlatforms) = postSolution
		{1A99D3C0-D3E8-4250-AEBF-11D426D037ED}.Debug|Any CPU.ActiveCfg = Debug|Any CPU
		{1A99D3C0-D3E8-4250-AEBF-11D426D037ED}.Debug|Any CPU.Build.0 = Debug|Any CPU
		{1A99D3C0-D3E8-4250-AEBF-11D426D037ED}.Release|Any CPU.ActiveCfg = Release|Any CPU
		{1A99D3C0-D3E8-4250-AEBF-11D426D037ED}.Release|Any CPU.Build.0 = Release|Any CPU
	EndGlobalSection
	GlobalSection(SolutionProperties) = preSolution
		HideSolutionNode = FALSE
	EndGlobalSection
	GlobalSection(ExtensibilityGlobals) = postSolution
		SolutionGuid = {BCED0A21-7E3D-47C9-B5E8-810BCD389E0D}
	EndGlobalSection
EndGlobal
